// !$*UTF8*$!
{
	archiveVersion = 1;
	classes = {
	};
	objectVersion = 55;
	objects = {

/* Begin PBXBuildFile section */
		0974FF9B285E2FFA0095A2D6 /* AppDelegate.swift in Sources */ = {isa = PBXBuildFile; fileRef = 0974FF9A285E2FFA0095A2D6 /* AppDelegate.swift */; };
		0974FF9D285E2FFA0095A2D6 /* SceneDelegate.swift in Sources */ = {isa = PBXBuildFile; fileRef = 0974FF9C285E2FFA0095A2D6 /* SceneDelegate.swift */; };
		0974FF9F285E2FFA0095A2D6 /* MainViewController.swift in Sources */ = {isa = PBXBuildFile; fileRef = 0974FF9E285E2FFA0095A2D6 /* MainViewController.swift */; };
		0974FFA2285E2FFA0095A2D6 /* Main.storyboard in Resources */ = {isa = PBXBuildFile; fileRef = 0974FFA0285E2FFA0095A2D6 /* Main.storyboard */; };
		0974FFA4285E2FFC0095A2D6 /* Assets.xcassets in Resources */ = {isa = PBXBuildFile; fileRef = 0974FFA3285E2FFC0095A2D6 /* Assets.xcassets */; };
		0974FFA7285E2FFC0095A2D6 /* LaunchScreen.storyboard in Resources */ = {isa = PBXBuildFile; fileRef = 0974FFA5285E2FFC0095A2D6 /* LaunchScreen.storyboard */; };
		0974FFB7285E45E20095A2D6 /* AlbertsonsProjectTests.swift in Sources */ = {isa = PBXBuildFile; fileRef = 0974FFB6285E45E20095A2D6 /* AlbertsonsProjectTests.swift */; };
		0974FFBF285E4CD60095A2D6 /* acronymObjectModel.swift in Sources */ = {isa = PBXBuildFile; fileRef = 0974FFBE285E4CD60095A2D6 /* acronymObjectModel.swift */; };
		0974FFC2286338700095A2D6 /* NetworkingManager.swift in Sources */ = {isa = PBXBuildFile; fileRef = 0974FFC1286338700095A2D6 /* NetworkingManager.swift */; };
		0974FFC5286339170095A2D6 /* URLComponentConstants.swift in Sources */ = {isa = PBXBuildFile; fileRef = 0974FFC4286339170095A2D6 /* URLComponentConstants.swift */; };
		0974FFC72863795A0095A2D6 /* URLEnumConstants.swift in Sources */ = {isa = PBXBuildFile; fileRef = 0974FFC62863795A0095A2D6 /* URLEnumConstants.swift */; };
		0974FFCD2863B9280095A2D6 /* MainControllerViewModel.swift in Sources */ = {isa = PBXBuildFile; fileRef = 0974FFCC2863B9280095A2D6 /* MainControllerViewModel.swift */; };
		0974FFD32863D65F0095A2D6 /* testUrlComponentConstants.swift in Sources */ = {isa = PBXBuildFile; fileRef = 0974FFD22863D65F0095A2D6 /* testUrlComponentConstants.swift */; };
/* End PBXBuildFile section */

/* Begin PBXContainerItemProxy section */
		0974FFB8285E45E20095A2D6 /* PBXContainerItemProxy */ = {
			isa = PBXContainerItemProxy;
			containerPortal = 0974FF8F285E2FFA0095A2D6 /* Project object */;
			proxyType = 1;
			remoteGlobalIDString = 0974FF96285E2FFA0095A2D6;
			remoteInfo = AlbertsonsProject;
		};
/* End PBXContainerItemProxy section */

/* Begin PBXFileReference section */
		0974FF97285E2FFA0095A2D6 /* AlbertsonsProject.app */ = {isa = PBXFileReference; explicitFileType = wrapper.application; includeInIndex = 0; path = AlbertsonsProject.app; sourceTree = BUILT_PRODUCTS_DIR; };
		0974FF9A285E2FFA0095A2D6 /* AppDelegate.swift */ = {isa = PBXFileReference; lastKnownFileType = sourcecode.swift; path = AppDelegate.swift; sourceTree = "<group>"; };
		0974FF9C285E2FFA0095A2D6 /* SceneDelegate.swift */ = {isa = PBXFileReference; lastKnownFileType = sourcecode.swift; path = SceneDelegate.swift; sourceTree = "<group>"; };
		0974FF9E285E2FFA0095A2D6 /* MainViewController.swift */ = {isa = PBXFileReference; lastKnownFileType = sourcecode.swift; path = MainViewController.swift; sourceTree = "<group>"; };
		0974FFA1285E2FFA0095A2D6 /* Base */ = {isa = PBXFileReference; lastKnownFileType = file.storyboard; name = Base; path = Base.lproj/Main.storyboard; sourceTree = "<group>"; };
		0974FFA3285E2FFC0095A2D6 /* Assets.xcassets */ = {isa = PBXFileReference; lastKnownFileType = folder.assetcatalog; path = Assets.xcassets; sourceTree = "<group>"; };
		0974FFA6285E2FFC0095A2D6 /* Base */ = {isa = PBXFileReference; lastKnownFileType = file.storyboard; name = Base; path = Base.lproj/LaunchScreen.storyboard; sourceTree = "<group>"; };
		0974FFA8285E2FFC0095A2D6 /* Info.plist */ = {isa = PBXFileReference; lastKnownFileType = text.plist.xml; path = Info.plist; sourceTree = "<group>"; };
		0974FFB4285E45E20095A2D6 /* AlbertsonsProjectTests.xctest */ = {isa = PBXFileReference; explicitFileType = wrapper.cfbundle; includeInIndex = 0; path = AlbertsonsProjectTests.xctest; sourceTree = BUILT_PRODUCTS_DIR; };
		0974FFB6285E45E20095A2D6 /* AlbertsonsProjectTests.swift */ = {isa = PBXFileReference; lastKnownFileType = sourcecode.swift; path = AlbertsonsProjectTests.swift; sourceTree = "<group>"; };
		0974FFBE285E4CD60095A2D6 /* acronymObjectModel.swift */ = {isa = PBXFileReference; lastKnownFileType = sourcecode.swift; path = acronymObjectModel.swift; sourceTree = "<group>"; };
		0974FFC1286338700095A2D6 /* NetworkingManager.swift */ = {isa = PBXFileReference; lastKnownFileType = sourcecode.swift; path = NetworkingManager.swift; sourceTree = "<group>"; };
		0974FFC4286339170095A2D6 /* URLComponentConstants.swift */ = {isa = PBXFileReference; lastKnownFileType = sourcecode.swift; path = URLComponentConstants.swift; sourceTree = "<group>"; };
		0974FFC62863795A0095A2D6 /* URLEnumConstants.swift */ = {isa = PBXFileReference; lastKnownFileType = sourcecode.swift; path = URLEnumConstants.swift; sourceTree = "<group>"; };
		0974FFCC2863B9280095A2D6 /* MainControllerViewModel.swift */ = {isa = PBXFileReference; lastKnownFileType = sourcecode.swift; path = MainControllerViewModel.swift; sourceTree = "<group>"; };
		0974FFD22863D65F0095A2D6 /* testUrlComponentConstants.swift */ = {isa = PBXFileReference; lastKnownFileType = sourcecode.swift; path = testUrlComponentConstants.swift; sourceTree = "<group>"; };
/* End PBXFileReference section */

/* Begin PBXFrameworksBuildPhase section */
		0974FF94285E2FFA0095A2D6 /* Frameworks */ = {
			isa = PBXFrameworksBuildPhase;
			buildActionMask = 2147483647;
			files = (
			);
			runOnlyForDeploymentPostprocessing = 0;
		};
		0974FFB1285E45E20095A2D6 /* Frameworks */ = {
			isa = PBXFrameworksBuildPhase;
			buildActionMask = 2147483647;
			files = (
			);
			runOnlyForDeploymentPostprocessing = 0;
		};
/* End PBXFrameworksBuildPhase section */

/* Begin PBXGroup section */
		0974FF8E285E2FFA0095A2D6 = {
			isa = PBXGroup;
			children = (
				0974FF99285E2FFA0095A2D6 /* AlbertsonsProject */,
				0974FFB5285E45E20095A2D6 /* AlbertsonsProjectTests */,
				0974FF98285E2FFA0095A2D6 /* Products */,
			);
			sourceTree = "<group>";
		};
		0974FF98285E2FFA0095A2D6 /* Products */ = {
			isa = PBXGroup;
			children = (
				0974FF97285E2FFA0095A2D6 /* AlbertsonsProject.app */,
				0974FFB4285E45E20095A2D6 /* AlbertsonsProjectTests.xctest */,
			);
			name = Products;
			sourceTree = "<group>";
		};
		0974FF99285E2FFA0095A2D6 /* AlbertsonsProject */ = {
			isa = PBXGroup;
			children = (
				0974FFCB2863B9010095A2D6 /* ViewModels */,
				0974FFC3286338D80095A2D6 /* Helpers */,
				0974FFC02863384D0095A2D6 /* NetworkingManager */,
				0974FFBD285E4CA90095A2D6 /* Models */,
				0974FFAF285E41A20095A2D6 /* Controllers */,
				0974FFAE285E41980095A2D6 /* Views */,
				0974FF9A285E2FFA0095A2D6 /* AppDelegate.swift */,
				0974FF9C285E2FFA0095A2D6 /* SceneDelegate.swift */,
				0974FFA3285E2FFC0095A2D6 /* Assets.xcassets */,
				0974FFA5285E2FFC0095A2D6 /* LaunchScreen.storyboard */,
				0974FFA8285E2FFC0095A2D6 /* Info.plist */,
			);
			path = AlbertsonsProject;
			sourceTree = "<group>";
		};
		0974FFAE285E41980095A2D6 /* Views */ = {
			isa = PBXGroup;
			children = (
				0974FFA0285E2FFA0095A2D6 /* Main.storyboard */,
			);
			path = Views;
			sourceTree = "<group>";
		};
		0974FFAF285E41A20095A2D6 /* Controllers */ = {
			isa = PBXGroup;
			children = (
				0974FF9E285E2FFA0095A2D6 /* MainViewController.swift */,
			);
			path = Controllers;
			sourceTree = "<group>";
		};
		0974FFB5285E45E20095A2D6 /* AlbertsonsProjectTests */ = {
			isa = PBXGroup;
			children = (
				0974FFCE2863D5EB0095A2D6 /* Helpers */,
				0974FFB6285E45E20095A2D6 /* AlbertsonsProjectTests.swift */,
			);
			path = AlbertsonsProjectTests;
			sourceTree = "<group>";
		};
		0974FFBD285E4CA90095A2D6 /* Models */ = {
			isa = PBXGroup;
			children = (
				0974FFBE285E4CD60095A2D6 /* acronymObjectModel.swift */,
			);
			path = Models;
			sourceTree = "<group>";
		};
		0974FFC02863384D0095A2D6 /* NetworkingManager */ = {
			isa = PBXGroup;
			children = (
				0974FFC1286338700095A2D6 /* NetworkingManager.swift */,
			);
			path = NetworkingManager;
			sourceTree = "<group>";
		};
		0974FFC3286338D80095A2D6 /* Helpers */ = {
			isa = PBXGroup;
			children = (
				0974FFC4286339170095A2D6 /* URLComponentConstants.swift */,
				0974FFC62863795A0095A2D6 /* URLEnumConstants.swift */,
			);
			path = Helpers;
			sourceTree = "<group>";
		};
		0974FFCB2863B9010095A2D6 /* ViewModels */ = {
			isa = PBXGroup;
			children = (
				0974FFCC2863B9280095A2D6 /* MainControllerViewModel.swift */,
			);
			path = ViewModels;
			sourceTree = "<group>";
		};
		0974FFCE2863D5EB0095A2D6 /* Helpers */ = {
			isa = PBXGroup;
			children = (
				0974FFD22863D65F0095A2D6 /* testUrlComponentConstants.swift */,
			);
			path = Helpers;
			sourceTree = "<group>";
		};
/* End PBXGroup section */

/* Begin PBXNativeTarget section */
		0974FF96285E2FFA0095A2D6 /* AlbertsonsProject */ = {
			isa = PBXNativeTarget;
			buildConfigurationList = 0974FFAB285E2FFC0095A2D6 /* Build configuration list for PBXNativeTarget "AlbertsonsProject" */;
			buildPhases = (
				0974FF93285E2FFA0095A2D6 /* Sources */,
				0974FF94285E2FFA0095A2D6 /* Frameworks */,
				0974FF95285E2FFA0095A2D6 /* Resources */,
			);
			buildRules = (
			);
			dependencies = (
			);
			name = AlbertsonsProject;
			productName = AlbertsonsProject;
			productReference = 0974FF97285E2FFA0095A2D6 /* AlbertsonsProject.app */;
			productType = "com.apple.product-type.application";
		};
		0974FFB3285E45E20095A2D6 /* AlbertsonsProjectTests */ = {
			isa = PBXNativeTarget;
			buildConfigurationList = 0974FFBA285E45E20095A2D6 /* Build configuration list for PBXNativeTarget "AlbertsonsProjectTests" */;
			buildPhases = (
				0974FFB0285E45E20095A2D6 /* Sources */,
				0974FFB1285E45E20095A2D6 /* Frameworks */,
				0974FFB2285E45E20095A2D6 /* Resources */,
			);
			buildRules = (
			);
			dependencies = (
				0974FFB9285E45E20095A2D6 /* PBXTargetDependency */,
			);
			name = AlbertsonsProjectTests;
			productName = AlbertsonsProjectTests;
			productReference = 0974FFB4285E45E20095A2D6 /* AlbertsonsProjectTests.xctest */;
			productType = "com.apple.product-type.bundle.unit-test";
		};
/* End PBXNativeTarget section */

/* Begin PBXProject section */
		0974FF8F285E2FFA0095A2D6 /* Project object */ = {
			isa = PBXProject;
			attributes = {
				BuildIndependentTargetsInParallel = 1;
				LastSwiftUpdateCheck = 1340;
				LastUpgradeCheck = 1340;
				TargetAttributes = {
					0974FF96285E2FFA0095A2D6 = {
						CreatedOnToolsVersion = 13.4.1;
					};
					0974FFB3285E45E20095A2D6 = {
						CreatedOnToolsVersion = 13.4.1;
						TestTargetID = 0974FF96285E2FFA0095A2D6;
					};
				};
			};
			buildConfigurationList = 0974FF92285E2FFA0095A2D6 /* Build configuration list for PBXProject "AlbertsonsProject" */;
			compatibilityVersion = "Xcode 13.0";
			developmentRegion = en;
			hasScannedForEncodings = 0;
			knownRegions = (
				en,
				Base,
			);
			mainGroup = 0974FF8E285E2FFA0095A2D6;
			productRefGroup = 0974FF98285E2FFA0095A2D6 /* Products */;
			projectDirPath = "";
			projectRoot = "";
			targets = (
				0974FF96285E2FFA0095A2D6 /* AlbertsonsProject */,
				0974FFB3285E45E20095A2D6 /* AlbertsonsProjectTests */,
			);
		};
/* End PBXProject section */

/* Begin PBXResourcesBuildPhase section */
		0974FF95285E2FFA0095A2D6 /* Resources */ = {
			isa = PBXResourcesBuildPhase;
			buildActionMask = 2147483647;
			files = (
				0974FFA7285E2FFC0095A2D6 /* LaunchScreen.storyboard in Resources */,
				0974FFA4285E2FFC0095A2D6 /* Assets.xcassets in Resources */,
				0974FFA2285E2FFA0095A2D6 /* Main.storyboard in Resources */,
			);
			runOnlyForDeploymentPostprocessing = 0;
		};
		0974FFB2285E45E20095A2D6 /* Resources */ = {
			isa = PBXResourcesBuildPhase;
			buildActionMask = 2147483647;
			files = (
			);
			runOnlyForDeploymentPostprocessing = 0;
		};
/* End PBXResourcesBuildPhase section */

/* Begin PBXSourcesBuildPhase section */
		0974FF93285E2FFA0095A2D6 /* Sources */ = {
			isa = PBXSourcesBuildPhase;
			buildActionMask = 2147483647;
			files = (
				0974FFBF285E4CD60095A2D6 /* acronymObjectModel.swift in Sources */,
				0974FFC5286339170095A2D6 /* URLComponentConstants.swift in Sources */,
				0974FFC72863795A0095A2D6 /* URLEnumConstants.swift in Sources */,
				0974FF9F285E2FFA0095A2D6 /* MainViewController.swift in Sources */,
				0974FF9B285E2FFA0095A2D6 /* AppDelegate.swift in Sources */,
				0974FFCD2863B9280095A2D6 /* MainControllerViewModel.swift in Sources */,
				0974FFC2286338700095A2D6 /* NetworkingManager.swift in Sources */,
				0974FF9D285E2FFA0095A2D6 /* SceneDelegate.swift in Sources */,
			);
			runOnlyForDeploymentPostprocessing = 0;
		};
		0974FFB0285E45E20095A2D6 /* Sources */ = {
			isa = PBXSourcesBuildPhase;
			buildActionMask = 2147483647;
			files = (
				0974FFB7285E45E20095A2D6 /* AlbertsonsProjectTests.swift in Sources */,
				0974FFD32863D65F0095A2D6 /* testUrlComponentConstants.swift in Sources */,
			);
			runOnlyForDeploymentPostprocessing = 0;
		};
/* End PBXSourcesBuildPhase section */

/* Begin PBXTargetDependency section */
		0974FFB9285E45E20095A2D6 /* PBXTargetDependency */ = {
			isa = PBXTargetDependency;
			target = 0974FF96285E2FFA0095A2D6 /* AlbertsonsProject */;
			targetProxy = 0974FFB8285E45E20095A2D6 /* PBXContainerItemProxy */;
		};
/* End PBXTargetDependency section */

/* Begin PBXVariantGroup section */
		0974FFA0285E2FFA0095A2D6 /* Main.storyboard */ = {
			isa = PBXVariantGroup;
			children = (
				0974FFA1285E2FFA0095A2D6 /* Base */,
			);
			name = Main.storyboard;
			sourceTree = "<group>";
		};
		0974FFA5285E2FFC0095A2D6 /* LaunchScreen.storyboard */ = {
			isa = PBXVariantGroup;
			children = (
				0974FFA6285E2FFC0095A2D6 /* Base */,
			);
			name = LaunchScreen.storyboard;
			sourceTree = "<group>";
		};
/* End PBXVariantGroup section */

/* Begin XCBuildConfiguration section */
		0974FFA9285E2FFC0095A2D6 /* Debug */ = {
			isa = XCBuildConfiguration;
			buildSettings = {
				ALWAYS_SEARCH_USER_PATHS = NO;
				CLANG_ANALYZER_NONNULL = YES;
				CLANG_ANALYZER_NUMBER_OBJECT_CONVERSION = YES_AGGRESSIVE;
				CLANG_CXX_LANGUAGE_STANDARD = "gnu++17";
				CLANG_ENABLE_MODULES = YES;
				CLANG_ENABLE_OBJC_ARC = YES;
				CLANG_ENABLE_OBJC_WEAK = YES;
				CLANG_WARN_BLOCK_CAPTURE_AUTORELEASING = YES;
				CLANG_WARN_BOOL_CONVERSION = YES;
				CLANG_WARN_COMMA = YES;
				CLANG_WARN_CONSTANT_CONVERSION = YES;
				CLANG_WARN_DEPRECATED_OBJC_IMPLEMENTATIONS = YES;
				CLANG_WARN_DIRECT_OBJC_ISA_USAGE = YES_ERROR;
				CLANG_WARN_DOCUMENTATION_COMMENTS = YES;
				CLANG_WARN_EMPTY_BODY = YES;
				CLANG_WARN_ENUM_CONVERSION = YES;
				CLANG_WARN_INFINITE_RECURSION = YES;
				CLANG_WARN_INT_CONVERSION = YES;
				CLANG_WARN_NON_LITERAL_NULL_CONVERSION = YES;
				CLANG_WARN_OBJC_IMPLICIT_RETAIN_SELF = YES;
				CLANG_WARN_OBJC_LITERAL_CONVERSION = YES;
				CLANG_WARN_OBJC_ROOT_CLASS = YES_ERROR;
				CLANG_WARN_QUOTED_INCLUDE_IN_FRAMEWORK_HEADER = YES;
				CLANG_WARN_RANGE_LOOP_ANALYSIS = YES;
				CLANG_WARN_STRICT_PROTOTYPES = YES;
				CLANG_WARN_SUSPICIOUS_MOVE = YES;
				CLANG_WARN_UNGUARDED_AVAILABILITY = YES_AGGRESSIVE;
				CLANG_WARN_UNREACHABLE_CODE = YES;
				CLANG_WARN__DUPLICATE_METHOD_MATCH = YES;
				COPY_PHASE_STRIP = NO;
				DEBUG_INFORMATION_FORMAT = dwarf;
				ENABLE_STRICT_OBJC_MSGSEND = YES;
				ENABLE_TESTABILITY = YES;
				GCC_C_LANGUAGE_STANDARD = gnu11;
				GCC_DYNAMIC_NO_PIC = NO;
				GCC_NO_COMMON_BLOCKS = YES;
				GCC_OPTIMIZATION_LEVEL = 0;
				GCC_PREPROCESSOR_DEFINITIONS = (
					"DEBUG=1",
					"$(inherited)",
				);
				GCC_WARN_64_TO_32_BIT_CONVERSION = YES;
				GCC_WARN_ABOUT_RETURN_TYPE = YES_ERROR;
				GCC_WARN_UNDECLARED_SELECTOR = YES;
				GCC_WARN_UNINITIALIZED_AUTOS = YES_AGGRESSIVE;
				GCC_WARN_UNUSED_FUNCTION = YES;
				GCC_WARN_UNUSED_VARIABLE = YES;
				IPHONEOS_DEPLOYMENT_TARGET = 15.5;
				MTL_ENABLE_DEBUG_INFO = INCLUDE_SOURCE;
				MTL_FAST_MATH = YES;
				ONLY_ACTIVE_ARCH = YES;
				SDKROOT = iphoneos;
				SWIFT_ACTIVE_COMPILATION_CONDITIONS = DEBUG;
				SWIFT_OPTIMIZATION_LEVEL = "-Onone";
			};
			name = Debug;
		};
		0974FFAA285E2FFC0095A2D6 /* Release */ = {
			isa = XCBuildConfiguration;
			buildSettings = {
				ALWAYS_SEARCH_USER_PATHS = NO;
				CLANG_ANALYZER_NONNULL = YES;
				CLANG_ANALYZER_NUMBER_OBJECT_CONVERSION = YES_AGGRESSIVE;
				CLANG_CXX_LANGUAGE_STANDARD = "gnu++17";
				CLANG_ENABLE_MODULES = YES;
				CLANG_ENABLE_OBJC_ARC = YES;
				CLANG_ENABLE_OBJC_WEAK = YES;
				CLANG_WARN_BLOCK_CAPTURE_AUTORELEASING = YES;
				CLANG_WARN_BOOL_CONVERSION = YES;
				CLANG_WARN_COMMA = YES;
				CLANG_WARN_CONSTANT_CONVERSION = YES;
				CLANG_WARN_DEPRECATED_OBJC_IMPLEMENTATIONS = YES;
				CLANG_WARN_DIRECT_OBJC_ISA_USAGE = YES_ERROR;
				CLANG_WARN_DOCUMENTATION_COMMENTS = YES;
				CLANG_WARN_EMPTY_BODY = YES;
				CLANG_WARN_ENUM_CONVERSION = YES;
				CLANG_WARN_INFINITE_RECURSION = YES;
				CLANG_WARN_INT_CONVERSION = YES;
				CLANG_WARN_NON_LITERAL_NULL_CONVERSION = YES;
				CLANG_WARN_OBJC_IMPLICIT_RETAIN_SELF = YES;
				CLANG_WARN_OBJC_LITERAL_CONVERSION = YES;
				CLANG_WARN_OBJC_ROOT_CLASS = YES_ERROR;
				CLANG_WARN_QUOTED_INCLUDE_IN_FRAMEWORK_HEADER = YES;
				CLANG_WARN_RANGE_LOOP_ANALYSIS = YES;
				CLANG_WARN_STRICT_PROTOTYPES = YES;
				CLANG_WARN_SUSPICIOUS_MOVE = YES;
				CLANG_WARN_UNGUARDED_AVAILABILITY = YES_AGGRESSIVE;
				CLANG_WARN_UNREACHABLE_CODE = YES;
				CLANG_WARN__DUPLICATE_METHOD_MATCH = YES;
				COPY_PHASE_STRIP = NO;
				DEBUG_INFORMATION_FORMAT = "dwarf-with-dsym";
				ENABLE_NS_ASSERTIONS = NO;
				ENABLE_STRICT_OBJC_MSGSEND = YES;
				GCC_C_LANGUAGE_STANDARD = gnu11;
				GCC_NO_COMMON_BLOCKS = YES;
				GCC_WARN_64_TO_32_BIT_CONVERSION = YES;
				GCC_WARN_ABOUT_RETURN_TYPE = YES_ERROR;
				GCC_WARN_UNDECLARED_SELECTOR = YES;
				GCC_WARN_UNINITIALIZED_AUTOS = YES_AGGRESSIVE;
				GCC_WARN_UNUSED_FUNCTION = YES;
				GCC_WARN_UNUSED_VARIABLE = YES;
				IPHONEOS_DEPLOYMENT_TARGET = 15.5;
				MTL_ENABLE_DEBUG_INFO = NO;
				MTL_FAST_MATH = YES;
				SDKROOT = iphoneos;
				SWIFT_COMPILATION_MODE = wholemodule;
				SWIFT_OPTIMIZATION_LEVEL = "-O";
				VALIDATE_PRODUCT = YES;
			};
			name = Release;
		};
		0974FFAC285E2FFC0095A2D6 /* Debug */ = {
			isa = XCBuildConfiguration;
			buildSettings = {
				ASSETCATALOG_COMPILER_APPICON_NAME = AppIcon;
				ASSETCATALOG_COMPILER_GLOBAL_ACCENT_COLOR_NAME = AccentColor;
				CODE_SIGN_STYLE = Automatic;
				CURRENT_PROJECT_VERSION = 1;
				DEVELOPMENT_TEAM = 93TAG27MAJ;
				GENERATE_INFOPLIST_FILE = YES;
				INFOPLIST_FILE = AlbertsonsProject/Info.plist;
				INFOPLIST_KEY_UIApplicationSupportsIndirectInputEvents = YES;
				INFOPLIST_KEY_UILaunchStoryboardName = LaunchScreen;
				INFOPLIST_KEY_UIMainStoryboardFile = Main;
				INFOPLIST_KEY_UISupportedInterfaceOrientations_iPad = "UIInterfaceOrientationPortrait UIInterfaceOrientationPortraitUpsideDown UIInterfaceOrientationLandscapeLeft UIInterfaceOrientationLandscapeRight";
				INFOPLIST_KEY_UISupportedInterfaceOrientations_iPhone = "UIInterfaceOrientationPortrait UIInterfaceOrientationLandscapeLeft UIInterfaceOrientationLandscapeRight";
				LD_RUNPATH_SEARCH_PATHS = (
					"$(inherited)",
					"@executable_path/Frameworks",
				);
				MARKETING_VERSION = 1.0;
				PRODUCT_BUNDLE_IDENTIFIER = com.GroverTech.AlbertsonsProject;
				PRODUCT_NAME = "$(TARGET_NAME)";
				SWIFT_EMIT_LOC_STRINGS = YES;
				SWIFT_VERSION = 5.0;
				TARGETED_DEVICE_FAMILY = "1,2";
			};
			name = Debug;
		};
		0974FFAD285E2FFC0095A2D6 /* Release */ = {
			isa = XCBuildConfiguration;
			buildSettings = {
				ASSETCATALOG_COMPILER_APPICON_NAME = AppIcon;
				ASSETCATALOG_COMPILER_GLOBAL_ACCENT_COLOR_NAME = AccentColor;
				CODE_SIGN_STYLE = Automatic;
				CURRENT_PROJECT_VERSION = 1;
				DEVELOPMENT_TEAM = 93TAG27MAJ;
				GENERATE_INFOPLIST_FILE = YES;
				INFOPLIST_FILE = AlbertsonsProject/Info.plist;
				INFOPLIST_KEY_UIApplicationSupportsIndirectInputEvents = YES;
				INFOPLIST_KEY_UILaunchStoryboardName = LaunchScreen;
				INFOPLIST_KEY_UIMainStoryboardFile = Main;
				INFOPLIST_KEY_UISupportedInterfaceOrientations_iPad = "UIInterfaceOrientationPortrait UIInterfaceOrientationPortraitUpsideDown UIInterfaceOrientationLandscapeLeft UIInterfaceOrientationLandscapeRight";
				INFOPLIST_KEY_UISupportedInterfaceOrientations_iPhone = "UIInterfaceOrientationPortrait UIInterfaceOrientationLandscapeLeft UIInterfaceOrientationLandscapeRight";
				LD_RUNPATH_SEARCH_PATHS = (
					"$(inherited)",
					"@executable_path/Frameworks",
				);
				MARKETING_VERSION = 1.0;
				PRODUCT_BUNDLE_IDENTIFIER = com.GroverTech.AlbertsonsProject;
				PRODUCT_NAME = "$(TARGET_NAME)";
				SWIFT_EMIT_LOC_STRINGS = YES;
				SWIFT_VERSION = 5.0;
				TARGETED_DEVICE_FAMILY = "1,2";
			};
			name = Release;
		};
		0974FFBB285E45E20095A2D6 /* Debug */ = {
			isa = XCBuildConfiguration;
			buildSettings = {
				BUNDLE_LOADER = "$(TEST_HOST)";
				CODE_SIGN_STYLE = Automatic;
				CURRENT_PROJECT_VERSION = 1;
				DEVELOPMENT_TEAM = 93TAG27MAJ;
				GENERATE_INFOPLIST_FILE = YES;
				MARKETING_VERSION = 1.0;
				PRODUCT_BUNDLE_IDENTIFIER = com.GroverTech.AlbertsonsProjectTests;
				PRODUCT_NAME = "$(TARGET_NAME)";
				SWIFT_EMIT_LOC_STRINGS = NO;
				SWIFT_VERSION = 5.0;
				TARGETED_DEVICE_FAMILY = "1,2";
				TEST_HOST = "$(BUILT_PRODUCTS_DIR)/AlbertsonsProject.app/AlbertsonsProject";
			};
			name = Debug;
		};
		0974FFBC285E45E20095A2D6 /* Release */ = {
			isa = XCBuildConfiguration;
			buildSettings = {
				BUNDLE_LOADER = "$(TEST_HOST)";
				CODE_SIGN_STYLE = Automatic;
				CURRENT_PROJECT_VERSION = 1;
				DEVELOPMENT_TEAM = 93TAG27MAJ;
				GENERATE_INFOPLIST_FILE = YES;
				MARKETING_VERSION = 1.0;
				PRODUCT_BUNDLE_IDENTIFIER = com.GroverTech.AlbertsonsProjectTests;
				PRODUCT_NAME = "$(TARGET_NAME)";
				SWIFT_EMIT_LOC_STRINGS = NO;
				SWIFT_VERSION = 5.0;
				TARGETED_DEVICE_FAMILY = "1,2";
				TEST_HOST = "$(BUILT_PRODUCTS_DIR)/AlbertsonsProject.app/AlbertsonsProject";
			};
			name = Release;
		};
/* End XCBuildConfiguration section */

/* Begin XCConfigurationList section */
		0974FF92285E2FFA0095A2D6 /* Build configuration list for PBXProject "AlbertsonsProject" */ = {
			isa = XCConfigurationList;
			buildConfigurations = (
				0974FFA9285E2FFC0095A2D6 /* Debug */,
				0974FFAA285E2FFC0095A2D6 /* Release */,
			);
			defaultConfigurationIsVisible = 0;
			defaultConfigurationName = Release;
		};
		0974FFAB285E2FFC0095A2D6 /* Build configuration list for PBXNativeTarget "AlbertsonsProject" */ = {
			isa = XCConfigurationList;
			buildConfigurations = (
				0974FFAC285E2FFC0095A2D6 /* Debug */,
				0974FFAD285E2FFC0095A2D6 /* Release */,
			);
			defaultConfigurationIsVisible = 0;
			defaultConfigurationName = Release;
		};
		0974FFBA285E45E20095A2D6 /* Build configuration list for PBXNativeTarget "AlbertsonsProjectTests" */ = {
			isa = XCConfigurationList;
			buildConfigurations = (
				0974FFBB285E45E20095A2D6 /* Debug */,
				0974FFBC285E45E20095A2D6 /* Release */,
			);
			defaultConfigurationIsVisible = 0;
			defaultConfigurationName = Release;
		};
/* End XCConfigurationList section */
	};
	rootObject = 0974FF8F285E2FFA0095A2D6 /* Project object */;
}
